<?xml version="1.0" encoding="utf-8"?>
<Project ToolsVersion="4.0" xmlns="http://schemas.microsoft.com/developer/msbuild/2003">
  <ItemGroup>
    <Filter Include="Source Files">
      <UniqueIdentifier>{4FC737F1-C7A5-4376-A066-2A32D752A2FF}</UniqueIdentifier>
      <Extensions>cpp;c;cc;cxx;def;odl;idl;hpj;bat;asm;asmx</Extensions>
    </Filter>
    <Filter Include="Header Files">
      <UniqueIdentifier>{93995380-89BD-4b04-88EB-625FBE52EBFB}</UniqueIdentifier>
      <Extensions>h;hh;hpp;hxx;hm;inl;inc;xsd</Extensions>
    </Filter>
    <Filter Include="Resource Files">
      <UniqueIdentifier>{67DA6AB6-F800-4c08-8B7A-83BB121AAD01}</UniqueIdentifier>
      <Extensions>rc;ico;cur;bmp;dlg;rc2;rct;bin;rgs;gif;jpg;jpeg;jpe;resx;tiff;tif;png;wav</Extensions>
    </Filter>
  </ItemGroup>
  <ItemGroup>
    <ClCompile Include="infomap_dir\._infomap_scr.cpp">
      <Filter>Source Files</Filter>
    </ClCompile>
    <ClCompile Include="infomap_dir\infomap_scr.cpp">
      <Filter>Source Files</Filter>
    </ClCompile>
    <ClCompile Include="infomap_dir\._Greedy.cc">
      <Filter>Source Files</Filter>
    </ClCompile>
    <ClCompile Include="infomap_dir\._GreedyBase.cc">
      <Filter>Source Files</Filter>
    </ClCompile>
    <ClCompile Include="infomap_dir\._infomap.cc">
      <Filter>Source Files</Filter>
    </ClCompile>
    <ClCompile Include="infomap_dir\._Node.cc">
      <Filter>Source Files</Filter>
    </ClCompile>
    <ClCompile Include="infomap_dir\Greedy.cc">
      <Filter>Source Files</Filter>
    </ClCompile>
    <ClCompile Include="infomap_dir\GreedyBase.cc">
      <Filter>Source Files</Filter>
    </ClCompile>
    <ClCompile Include="infomap_dir\infomap.cc">
      <Filter>Source Files</Filter>
    </ClCompile>
    <ClCompile Include="infomap_dir\Node.cc">
      <Filter>Source Files</Filter>
    </ClCompile>
    <ClCompile Include="infomap_dir\standard_package\._cast.cpp">
      <Filter>Source Files</Filter>
    </ClCompile>
    <ClCompile Include="infomap_dir\standard_package\._combinatorics.cpp">
      <Filter>Source Files</Filter>
    </ClCompile>
    <ClCompile Include="infomap_dir\standard_package\._deque_numeric.cpp">
      <Filter>Source Files</Filter>
    </ClCompile>
    <ClCompile Include="infomap_dir\standard_package\._histograms.cpp">
      <Filter>Source Files</Filter>
    </ClCompile>
    <ClCompile Include="infomap_dir\standard_package\._mutual.cpp">
      <Filter>Source Files</Filter>
    </ClCompile>
    <ClCompile Include="infomap_dir\standard_package\._pajek.cpp">
      <Filter>Source Files</Filter>
    </ClCompile>
    <ClCompile Include="infomap_dir\standard_package\._partition.cpp">
      <Filter>Source Files</Filter>
    </ClCompile>
    <ClCompile Include="infomap_dir\standard_package\._print.cpp">
      <Filter>Source Files</Filter>
    </ClCompile>
    <ClCompile Include="infomap_dir\standard_package\._random.cpp">
      <Filter>Source Files</Filter>
    </ClCompile>
    <ClCompile Include="infomap_dir\standard_package\._standard_include.cpp">
      <Filter>Source Files</Filter>
    </ClCompile>
    <ClCompile Include="infomap_dir\standard_package\._tabdeg.cpp">
      <Filter>Source Files</Filter>
    </ClCompile>
    <ClCompile Include="infomap_dir\standard_package\cast.cpp">
      <Filter>Source Files</Filter>
    </ClCompile>
    <ClCompile Include="infomap_dir\standard_package\combinatorics.cpp">
      <Filter>Source Files</Filter>
    </ClCompile>
    <ClCompile Include="infomap_dir\standard_package\deque_numeric.cpp">
      <Filter>Source Files</Filter>
    </ClCompile>
    <ClCompile Include="infomap_dir\standard_package\histograms.cpp">
      <Filter>Source Files</Filter>
    </ClCompile>
    <ClCompile Include="infomap_dir\standard_package\mutual.cpp">
      <Filter>Source Files</Filter>
    </ClCompile>
    <ClCompile Include="infomap_dir\standard_package\pajek.cpp">
      <Filter>Source Files</Filter>
    </ClCompile>
    <ClCompile Include="infomap_dir\standard_package\partition.cpp">
      <Filter>Source Files</Filter>
    </ClCompile>
    <ClCompile Include="infomap_dir\standard_package\print.cpp">
      <Filter>Source Files</Filter>
    </ClCompile>
    <ClCompile Include="infomap_dir\standard_package\random.cpp">
      <Filter>Source Files</Filter>
    </ClCompile>
    <ClCompile Include="infomap_dir\standard_package\standard_include.cpp">
      <Filter>Source Files</Filter>
    </ClCompile>
    <ClCompile Include="infomap_dir\standard_package\tabdeg.cpp">
      <Filter>Source Files</Filter>
    </ClCompile>
    <ClCompile Include="infomap_undir\._infomap_scr.cpp">
      <Filter>Source Files</Filter>
    </ClCompile>
    <ClCompile Include="infomap_undir\infomap_scr.cpp">
      <Filter>Source Files</Filter>
    </ClCompile>
    <ClCompile Include="infomap_undir\._Greedy.cc">
      <Filter>Source Files</Filter>
    </ClCompile>
    <ClCompile Include="infomap_undir\._GreedyBase.cc">
      <Filter>Source Files</Filter>
    </ClCompile>
    <ClCompile Include="infomap_undir\._infomap.cc">
      <Filter>Source Files</Filter>
    </ClCompile>
    <ClCompile Include="infomap_undir\._Node.cc">
      <Filter>Source Files</Filter>
    </ClCompile>
    <ClCompile Include="infomap_undir\Greedy.cc">
      <Filter>Source Files</Filter>
    </ClCompile>
    <ClCompile Include="infomap_undir\GreedyBase.cc">
      <Filter>Source Files</Filter>
    </ClCompile>
    <ClCompile Include="infomap_undir\infomap.cc">
      <Filter>Source Files</Filter>
    </ClCompile>
    <ClCompile Include="infomap_undir\Node.cc">
      <Filter>Source Files</Filter>
    </ClCompile>
    <ClCompile Include="infomap_undir\standard_package\._cast.cpp">
      <Filter>Source Files</Filter>
    </ClCompile>
    <ClCompile Include="infomap_undir\standard_package\._combinatorics.cpp">
      <Filter>Source Files</Filter>
    </ClCompile>
    <ClCompile Include="infomap_undir\standard_package\._deque_numeric.cpp">
      <Filter>Source Files</Filter>
    </ClCompile>
    <ClCompile Include="infomap_undir\standard_package\._histograms.cpp">
      <Filter>Source Files</Filter>
    </ClCompile>
    <ClCompile Include="infomap_undir\standard_package\._mutual.cpp">
      <Filter>Source Files</Filter>
    </ClCompile>
    <ClCompile Include="infomap_undir\standard_package\._pajek.cpp">
      <Filter>Source Files</Filter>
    </ClCompile>
    <ClCompile Include="infomap_undir\standard_package\._partition.cpp">
      <Filter>Source Files</Filter>
    </ClCompile>
    <ClCompile Include="infomap_undir\standard_package\._print.cpp">
      <Filter>Source Files</Filter>
    </ClCompile>
    <ClCompile Include="infomap_undir\standard_package\._random.cpp">
      <Filter>Source Files</Filter>
    </ClCompile>
    <ClCompile Include="infomap_undir\standard_package\._standard_include.cpp">
      <Filter>Source Files</Filter>
    </ClCompile>
    <ClCompile Include="infomap_undir\standard_package\._tabdeg.cpp">
      <Filter>Source Files</Filter>
    </ClCompile>
    <ClCompile Include="infomap_undir\standard_package\cast.cpp">
      <Filter>Source Files</Filter>
    </ClCompile>
    <ClCompile Include="infomap_undir\standard_package\combinatorics.cpp">
      <Filter>Source Files</Filter>
    </ClCompile>
    <ClCompile Include="infomap_undir\standard_package\deque_numeric.cpp">
      <Filter>Source Files</Filter>
    </ClCompile>
    <ClCompile Include="infomap_undir\standard_package\histograms.cpp">
      <Filter>Source Files</Filter>
    </ClCompile>
    <ClCompile Include="infomap_undir\standard_package\mutual.cpp">
      <Filter>Source Files</Filter>
    </ClCompile>
    <ClCompile Include="infomap_undir\standard_package\pajek.cpp">
      <Filter>Source Files</Filter>
    </ClCompile>
    <ClCompile Include="infomap_undir\standard_package\partition.cpp">
      <Filter>Source Files</Filter>
    </ClCompile>
    <ClCompile Include="infomap_undir\standard_package\print.cpp">
      <Filter>Source Files</Filter>
    </ClCompile>
    <ClCompile Include="infomap_undir\standard_package\random.cpp">
      <Filter>Source Files</Filter>
    </ClCompile>
    <ClCompile Include="infomap_undir\standard_package\standard_include.cpp">
      <Filter>Source Files</Filter>
    </ClCompile>
    <ClCompile Include="infomap_undir\standard_package\tabdeg.cpp">
      <Filter>Source Files</Filter>
    </ClCompile>
    <ClCompile Include="louvain\._community.cpp">
      <Filter>Source Files</Filter>
    </ClCompile>
    <ClCompile Include="louvain\._graph.cpp">
      <Filter>Source Files</Filter>
    </ClCompile>
    <ClCompile Include="louvain\._graph_binary.cpp">
      <Filter>Source Files</Filter>
    </ClCompile>
    <ClCompile Include="louvain\._main_community.cpp">
      <Filter>Source Files</Filter>
    </ClCompile>
    <ClCompile Include="louvain\._main_convert.cpp">
      <Filter>Source Files</Filter>
    </ClCompile>
    <ClCompile Include="louvain\._main_hierarchy.cpp">
      <Filter>Source Files</Filter>
    </ClCompile>
    <ClCompile Include="louvain\._order.cpp">
      <Filter>Source Files</Filter>
    </ClCompile>
    <ClCompile Include="louvain\._script_to_compile.cpp">
      <Filter>Source Files</Filter>
    </ClCompile>
    <ClCompile Include="louvain\community.cpp">
      <Filter>Source Files</Filter>
    </ClCompile>
    <ClCompile Include="louvain\graph.cpp">
      <Filter>Source Files</Filter>
    </ClCompile>
    <ClCompile Include="louvain\graph_binary.cpp">
      <Filter>Source Files</Filter>
    </ClCompile>
    <ClCompile Include="louvain\main_community.cpp">
      <Filter>Source Files</Filter>
    </ClCompile>
    <ClCompile Include="louvain\main_convert.cpp">
      <Filter>Source Files</Filter>
    </ClCompile>
    <ClCompile Include="louvain\main_hierarchy.cpp">
      <Filter>Source Files</Filter>
    </ClCompile>
    <ClCompile Include="louvain\order.cpp">
      <Filter>Source Files</Filter>
    </ClCompile>
    <ClCompile Include="louvain\script_to_compile.cpp">
      <Filter>Source Files</Filter>
    </ClCompile>
    <ClCompile Include="louvain\standard_package\._cast.cpp">
      <Filter>Source Files</Filter>
    </ClCompile>
    <ClCompile Include="louvain\standard_package\._combinatorics.cpp">
      <Filter>Source Files</Filter>
    </ClCompile>
    <ClCompile Include="louvain\standard_package\._deque_numeric.cpp">
      <Filter>Source Files</Filter>
    </ClCompile>
    <ClCompile Include="louvain\standard_package\._histograms.cpp">
      <Filter>Source Files</Filter>
    </ClCompile>
    <ClCompile Include="louvain\standard_package\._mutual.cpp">
      <Filter>Source Files</Filter>
    </ClCompile>
    <ClCompile Include="louvain\standard_package\._pajek.cpp">
      <Filter>Source Files</Filter>
    </ClCompile>
    <ClCompile Include="louvain\standard_package\._partition.cpp">
      <Filter>Source Files</Filter>
    </ClCompile>
    <ClCompile Include="louvain\standard_package\._print.cpp">
      <Filter>Source Files</Filter>
    </ClCompile>
    <ClCompile Include="louvain\standard_package\._random.cpp">
      <Filter>Source Files</Filter>
    </ClCompile>
    <ClCompile Include="louvain\standard_package\._standard_include.cpp">
      <Filter>Source Files</Filter>
    </ClCompile>
    <ClCompile Include="louvain\standard_package\._tabdeg.cpp">
      <Filter>Source Files</Filter>
    </ClCompile>
    <ClCompile Include="louvain\standard_package\cast.cpp">
      <Filter>Source Files</Filter>
    </ClCompile>
    <ClCompile Include="louvain\standard_package\combinatorics.cpp">
      <Filter>Source Files</Filter>
    </ClCompile>
    <ClCompile Include="louvain\standard_package\deque_numeric.cpp">
      <Filter>Source Files</Filter>
    </ClCompile>
    <ClCompile Include="louvain\standard_package\histograms.cpp">
      <Filter>Source Files</Filter>
    </ClCompile>
    <ClCompile Include="louvain\standard_package\mutual.cpp">
      <Filter>Source Files</Filter>
    </ClCompile>
    <ClCompile Include="louvain\standard_package\pajek.cpp">
      <Filter>Source Files</Filter>
    </ClCompile>
    <ClCompile Include="louvain\standard_package\partition.cpp">
      <Filter>Source Files</Filter>
    </ClCompile>
    <ClCompile Include="louvain\standard_package\print.cpp">
      <Filter>Source Files</Filter>
    </ClCompile>
    <ClCompile Include="louvain\standard_package\random.cpp">
      <Filter>Source Files</Filter>
    </ClCompile>
    <ClCompile Include="louvain\standard_package\standard_include.cpp">
      <Filter>Source Files</Filter>
    </ClCompile>
    <ClCompile Include="louvain\standard_package\tabdeg.cpp">
      <Filter>Source Files</Filter>
    </ClCompile>
    <ClCompile Include="oslom_files\._main_body.cpp">
      <Filter>Source Files</Filter>
    </ClCompile>
    <ClCompile Include="oslom_files\._main_directed.cpp">
      <Filter>Source Files</Filter>
    </ClCompile>
    <ClCompile Include="oslom_files\._main_undirected.cpp">
      <Filter>Source Files</Filter>
    </ClCompile>
    <ClCompile Include="oslom_files\._oslom_net_check_overlap.cpp">
      <Filter>Source Files</Filter>
    </ClCompile>
    <ClCompile Include="oslom_files\._oslom_net_unions.cpp">
      <Filter>Source Files</Filter>
    </ClCompile>
    <ClCompile Include="oslom_files\._try_homeless_dir.cpp">
      <Filter>Source Files</Filter>
    </ClCompile>
    <ClCompile Include="oslom_files\._try_homeless_undir.cpp">
      <Filter>Source Files</Filter>
    </ClCompile>
    <ClCompile Include="oslom_files\main_body.cpp">
      <Filter>Source Files</Filter>
    </ClCompile>
    <ClCompile Include="oslom_files\main_directed.cpp">
      <Filter>Source Files</Filter>
    </ClCompile>
    <ClCompile Include="oslom_files\main_undirected.cpp">
      <Filter>Source Files</Filter>
    </ClCompile>
    <ClCompile Include="oslom_files\oslom_net_check_overlap.cpp">
      <Filter>Source Files</Filter>
    </ClCompile>
    <ClCompile Include="oslom_files\oslom_net_unions.cpp">
      <Filter>Source Files</Filter>
    </ClCompile>
    <ClCompile Include="oslom_files\try_homeless_dir.cpp">
      <Filter>Source Files</Filter>
    </ClCompile>
    <ClCompile Include="oslom_files\try_homeless_undir.cpp">
      <Filter>Source Files</Filter>
    </ClCompile>
    <ClCompile Include="oslom_files\standard_package\._cast.cpp">
      <Filter>Source Files</Filter>
    </ClCompile>
    <ClCompile Include="oslom_files\standard_package\._combinatorics.cpp">
      <Filter>Source Files</Filter>
    </ClCompile>
    <ClCompile Include="oslom_files\standard_package\._deque_numeric.cpp">
      <Filter>Source Files</Filter>
    </ClCompile>
    <ClCompile Include="oslom_files\standard_package\._histograms.cpp">
      <Filter>Source Files</Filter>
    </ClCompile>
    <ClCompile Include="oslom_files\standard_package\._mutual.cpp">
      <Filter>Source Files</Filter>
    </ClCompile>
    <ClCompile Include="oslom_files\standard_package\._pajek.cpp">
      <Filter>Source Files</Filter>
    </ClCompile>
    <ClCompile Include="oslom_files\standard_package\._partition.cpp">
      <Filter>Source Files</Filter>
    </ClCompile>
    <ClCompile Include="oslom_files\standard_package\._print.cpp">
      <Filter>Source Files</Filter>
    </ClCompile>
    <ClCompile Include="oslom_files\standard_package\._random.cpp">
      <Filter>Source Files</Filter>
    </ClCompile>
    <ClCompile Include="oslom_files\standard_package\._standard_include.cpp">
      <Filter>Source Files</Filter>
    </ClCompile>
    <ClCompile Include="oslom_files\standard_package\._tabdeg.cpp">
      <Filter>Source Files</Filter>
    </ClCompile>
    <ClCompile Include="oslom_files\standard_package\cast.cpp">
      <Filter>Source Files</Filter>
    </ClCompile>
    <ClCompile Include="oslom_files\standard_package\combinatorics.cpp">
      <Filter>Source Files</Filter>
    </ClCompile>
    <ClCompile Include="oslom_files\standard_package\deque_numeric.cpp">
      <Filter>Source Files</Filter>
    </ClCompile>
    <ClCompile Include="oslom_files\standard_package\histograms.cpp">
      <Filter>Source Files</Filter>
    </ClCompile>
    <ClCompile Include="oslom_files\standard_package\mutual.cpp">
      <Filter>Source Files</Filter>
    </ClCompile>
    <ClCompile Include="oslom_files\standard_package\pajek.cpp">
      <Filter>Source Files</Filter>
    </ClCompile>
    <ClCompile Include="oslom_files\standard_package\partition.cpp">
      <Filter>Source Files</Filter>
    </ClCompile>
    <ClCompile Include="oslom_files\standard_package\print.cpp">
      <Filter>Source Files</Filter>
    </ClCompile>
    <ClCompile Include="oslom_files\standard_package\random.cpp">
      <Filter>Source Files</Filter>
    </ClCompile>
    <ClCompile Include="oslom_files\standard_package\standard_include.cpp">
      <Filter>Source Files</Filter>
    </ClCompile>
    <ClCompile Include="oslom_files\standard_package\tabdeg.cpp">
      <Filter>Source Files</Filter>
    </ClCompile>
    <ClCompile Include="visualsources\._main.cpp">
      <Filter>Source Files</Filter>
    </ClCompile>
    <ClCompile Include="visualsources\._main_pajek.cpp">
      <Filter>Source Files</Filter>
    </ClCompile>
    <ClCompile Include="visualsources\._main_pajek_directed.cpp">
      <Filter>Source Files</Filter>
    </ClCompile>
    <ClCompile Include="visualsources\main.cpp">
      <Filter>Source Files</Filter>
    </ClCompile>
    <ClCompile Include="visualsources\main_pajek.cpp">
      <Filter>Source Files</Filter>
    </ClCompile>
    <ClCompile Include="visualsources\main_pajek_directed.cpp">
      <Filter>Source Files</Filter>
    </ClCompile>
    <ClCompile Include="visualsources\standard_package\._cast.cpp">
      <Filter>Source Files</Filter>
    </ClCompile>
    <ClCompile Include="visualsources\standard_package\._combinatorics.cpp">
      <Filter>Source Files</Filter>
    </ClCompile>
    <ClCompile Include="visualsources\standard_package\._deque_numeric.cpp">
      <Filter>Source Files</Filter>
    </ClCompile>
    <ClCompile Include="visualsources\standard_package\._histograms.cpp">
      <Filter>Source Files</Filter>
    </ClCompile>
    <ClCompile Include="visualsources\standard_package\._mutual.cpp">
      <Filter>Source Files</Filter>
    </ClCompile>
    <ClCompile Include="visualsources\standard_package\._pajek.cpp">
      <Filter>Source Files</Filter>
    </ClCompile>
    <ClCompile Include="visualsources\standard_package\._partition.cpp">
      <Filter>Source Files</Filter>
    </ClCompile>
    <ClCompile Include="visualsources\standard_package\._print.cpp">
      <Filter>Source Files</Filter>
    </ClCompile>
    <ClCompile Include="visualsources\standard_package\._random.cpp">
      <Filter>Source Files</Filter>
    </ClCompile>
    <ClCompile Include="visualsources\standard_package\._standard_include.cpp">
      <Filter>Source Files</Filter>
    </ClCompile>
    <ClCompile Include="visualsources\standard_package\._tabdeg.cpp">
      <Filter>Source Files</Filter>
    </ClCompile>
    <ClCompile Include="visualsources\standard_package\cast.cpp">
      <Filter>Source Files</Filter>
    </ClCompile>
    <ClCompile Include="visualsources\standard_package\combinatorics.cpp">
      <Filter>Source Files</Filter>
    </ClCompile>
    <ClCompile Include="visualsources\standard_package\deque_numeric.cpp">
      <Filter>Source Files</Filter>
    </ClCompile>
    <ClCompile Include="visualsources\standard_package\histograms.cpp">
      <Filter>Source Files</Filter>
    </ClCompile>
    <ClCompile Include="visualsources\standard_package\mutual.cpp">
      <Filter>Source Files</Filter>
    </ClCompile>
    <ClCompile Include="visualsources\standard_package\pajek.cpp">
      <Filter>Source Files</Filter>
    </ClCompile>
    <ClCompile Include="visualsources\standard_package\partition.cpp">
      <Filter>Source Files</Filter>
    </ClCompile>
    <ClCompile Include="visualsources\standard_package\print.cpp">
      <Filter>Source Files</Filter>
    </ClCompile>
    <ClCompile Include="visualsources\standard_package\random.cpp">
      <Filter>Source Files</Filter>
    </ClCompile>
    <ClCompile Include="visualsources\standard_package\standard_include.cpp">
      <Filter>Source Files</Filter>
    </ClCompile>
    <ClCompile Include="visualsources\standard_package\tabdeg.cpp">
      <Filter>Source Files</Filter>
    </ClCompile>
  </ItemGroup>
  <ItemGroup>
    <ClInclude Include="infomap_dir\._Greedy.h">
      <Filter>Header Files</Filter>
    </ClInclude>
    <ClInclude Include="infomap_dir\._GreedyBase.h">
      <Filter>Header Files</Filter>
    </ClInclude>
    <ClInclude Include="infomap_dir\._infomap.h">
      <Filter>Header Files</Filter>
    </ClInclude>
    <ClInclude Include="infomap_dir\._MersenneTwister.h">
      <Filter>Header Files</Filter>
    </ClInclude>
    <ClInclude Include="infomap_dir\._Node.h">
      <Filter>Header Files</Filter>
    </ClInclude>
    <ClInclude Include="infomap_dir\Greedy.h">
      <Filter>Header Files</Filter>
    </ClInclude>
    <ClInclude Include="infomap_dir\GreedyBase.h">
      <Filter>Header Files</Filter>
    </ClInclude>
    <ClInclude Include="infomap_dir\infomap.h">
      <Filter>Header Files</Filter>
    </ClInclude>
    <ClInclude Include="infomap_dir\MersenneTwister.h">
      <Filter>Header Files</Filter>
    </ClInclude>
    <ClInclude Include="infomap_dir\Node.h">
      <Filter>Header Files</Filter>
    </ClInclude>
    <ClInclude Include="infomap_undir\._Greedy.h">
      <Filter>Header Files</Filter>
    </ClInclude>
    <ClInclude Include="infomap_undir\._GreedyBase.h">
      <Filter>Header Files</Filter>
    </ClInclude>
    <ClInclude Include="infomap_undir\._infomap.h">
      <Filter>Header Files</Filter>
    </ClInclude>
    <ClInclude Include="infomap_undir\._MersenneTwister.h">
      <Filter>Header Files</Filter>
    </ClInclude>
    <ClInclude Include="infomap_undir\._Node.h">
      <Filter>Header Files</Filter>
    </ClInclude>
    <ClInclude Include="infomap_undir\Greedy.h">
      <Filter>Header Files</Filter>
    </ClInclude>
    <ClInclude Include="infomap_undir\GreedyBase.h">
      <Filter>Header Files</Filter>
    </ClInclude>
    <ClInclude Include="infomap_undir\infomap.h">
      <Filter>Header Files</Filter>
    </ClInclude>
    <ClInclude Include="infomap_undir\MersenneTwister.h">
      <Filter>Header Files</Filter>
    </ClInclude>
    <ClInclude Include="infomap_undir\Node.h">
      <Filter>Header Files</Filter>
    </ClInclude>
    <ClInclude Include="louvain\._community.h">
      <Filter>Header Files</Filter>
    </ClInclude>
    <ClInclude Include="louvain\._graph.h">
      <Filter>Header Files</Filter>
    </ClInclude>
    <ClInclude Include="louvain\._graph_binary.h">
      <Filter>Header Files</Filter>
    </ClInclude>
    <ClInclude Include="louvain\._graph_binary_linux.h">
      <Filter>Header Files</Filter>
    </ClInclude>
    <ClInclude Include="louvain\._graph_binary_mac.h">
      <Filter>Header Files</Filter>
    </ClInclude>
    <ClInclude Include="louvain\._static_network.h">
      <Filter>Header Files</Filter>
    </ClInclude>
    <ClInclude Include="louvain\._wsarray.h">
      <Filter>Header Files</Filter>
    </ClInclude>
    <ClInclude Include="louvain\community.h">
      <Filter>Header Files</Filter>
    </ClInclude>
    <ClInclude Include="louvain\graph.h">
      <Filter>Header Files</Filter>
    </ClInclude>
    <ClInclude Include="louvain\graph_binary.h">
      <Filter>Header Files</Filter>
    </ClInclude>
    <ClInclude Include="louvain\graph_binary_linux.h">
      <Filter>Header Files</Filter>
    </ClInclude>
    <ClInclude Include="louvain\graph_binary_mac.h">
      <Filter>Header Files</Filter>
    </ClInclude>
    <ClInclude Include="louvain\static_network.h">
      <Filter>Header Files</Filter>
    </ClInclude>
    <ClInclude Include="louvain\wsarray.h">
      <Filter>Header Files</Filter>
    </ClInclude>
    <ClInclude Include="oslom_files\._directed_network.h">
      <Filter>Header Files</Filter>
    </ClInclude>
    <ClInclude Include="oslom_files\._directed_oslomnet_evaluate.h">
      <Filter>Header Files</Filter>
    </ClInclude>
    <ClInclude Include="oslom_files\._dir_weighted_tabdeg.h">
      <Filter>Header Files</Filter>
    </ClInclude>
    <ClInclude Include="oslom_files\._egocentric_undir.h">
      <Filter>Header Files</Filter>
    </ClInclude>
    <ClInclude Include="oslom_files\._hierarchies.h">
      <Filter>Header Files</Filter>
    </ClInclude>
    <ClInclude Include="oslom_files\._log_table.h">
      <Filter>Header Files</Filter>
    </ClInclude>
    <ClInclude Include="oslom_files\._louvain_oslomnet.h">
      <Filter>Header Files</Filter>
    </ClInclude>
    <ClInclude Include="oslom_files\._louvain_oslomnet_dir.h">
      <Filter>Header Files</Filter>
    </ClInclude>
    <ClInclude Include="oslom_files\._module_collection.h">
      <Filter>Header Files</Filter>
    </ClInclude>
    <ClInclude Include="oslom_files\._oslom_net_global.h">
      <Filter>Header Files</Filter>
    </ClInclude>
    <ClInclude Include="oslom_files\._set_parameters.h">
      <Filter>Header Files</Filter>
    </ClInclude>
    <ClInclude Include="oslom_files\._undirected_network.h">
      <Filter>Header Files</Filter>
    </ClInclude>
    <ClInclude Include="oslom_files\._undirected_oslomnet_evaluate.h">
      <Filter>Header Files</Filter>
    </ClInclude>
    <ClInclude Include="oslom_files\._undir_weighted_tabdeg.h">
      <Filter>Header Files</Filter>
    </ClInclude>
    <ClInclude Include="oslom_files\._wsarray.h">
      <Filter>Header Files</Filter>
    </ClInclude>
    <ClInclude Include="oslom_files\directed_network.h">
      <Filter>Header Files</Filter>
    </ClInclude>
    <ClInclude Include="oslom_files\directed_oslomnet_evaluate.h">
      <Filter>Header Files</Filter>
    </ClInclude>
    <ClInclude Include="oslom_files\dir_weighted_tabdeg.h">
      <Filter>Header Files</Filter>
    </ClInclude>
    <ClInclude Include="oslom_files\egocentric_undir.h">
      <Filter>Header Files</Filter>
    </ClInclude>
    <ClInclude Include="oslom_files\hierarchies.h">
      <Filter>Header Files</Filter>
    </ClInclude>
    <ClInclude Include="oslom_files\log_table.h">
      <Filter>Header Files</Filter>
    </ClInclude>
    <ClInclude Include="oslom_files\louvain_oslomnet.h">
      <Filter>Header Files</Filter>
    </ClInclude>
    <ClInclude Include="oslom_files\louvain_oslomnet_dir.h">
      <Filter>Header Files</Filter>
    </ClInclude>
    <ClInclude Include="oslom_files\module_collection.h">
      <Filter>Header Files</Filter>
    </ClInclude>
    <ClInclude Include="oslom_files\oslom_net_global.h">
      <Filter>Header Files</Filter>
    </ClInclude>
    <ClInclude Include="oslom_files\set_parameters.h">
      <Filter>Header Files</Filter>
    </ClInclude>
    <ClInclude Include="oslom_files\undirected_network.h">
      <Filter>Header Files</Filter>
    </ClInclude>
    <ClInclude Include="oslom_files\undirected_oslomnet_evaluate.h">
      <Filter>Header Files</Filter>
    </ClInclude>
    <ClInclude Include="oslom_files\undir_weighted_tabdeg.h">
      <Filter>Header Files</Filter>
    </ClInclude>
    <ClInclude Include="oslom_files\wsarray.h">
      <Filter>Header Files</Filter>
    </ClInclude>
    <ClInclude Include="visualsources\._hier.h">
      <Filter>Header Files</Filter>
    </ClInclude>
    <ClInclude Include="visualsources\._netvi.h">
      <Filter>Header Files</Filter>
    </ClInclude>
    <ClInclude Include="visualsources\._position.h">
      <Filter>Header Files</Filter>
    </ClInclude>
    <ClInclude Include="visualsources\._static_network.h">
      <Filter>Header Files</Filter>
    </ClInclude>
    <ClInclude Include="visualsources\._visual_net.h">
      <Filter>Header Files</Filter>
    </ClInclude>
    <ClInclude Include="visualsources\._wsarray.h">
      <Filter>Header Files</Filter>
    </ClInclude>
    <ClInclude Include="visualsources\hier.h">
      <Filter>Header Files</Filter>
    </ClInclude>
    <ClInclude Include="visualsources\netvi.h">
      <Filter>Header Files</Filter>
    </ClInclude>
    <ClInclude Include="visualsources\position.h">
      <Filter>Header Files</Filter>
    </ClInclude>
    <ClInclude Include="visualsources\static_network.h">
      <Filter>Header Files</Filter>
    </ClInclude>
    <ClInclude Include="visualsources\visual_net.h">
      <Filter>Header Files</Filter>
    </ClInclude>
    <ClInclude Include="visualsources\wsarray.h">
      <Filter>Header Files</Filter>
    </ClInclude>
  </ItemGroup>
</Project>