<?xml version="1.0" encoding="utf-8"?>
<Project ToolsVersion="4.0" xmlns="http://schemas.microsoft.com/developer/msbuild/2003">
  <ItemGroup>
    <Filter Include="Source Files">
      <UniqueIdentifier>{4FC737F1-C7A5-4376-A066-2A32D752A2FF}</UniqueIdentifier>
      <Extensions>cpp;c;cc;cxx;def;odl;idl;hpj;bat;asm;asmx</Extensions>
    </Filter>
    <Filter Include="Header Files">
      <UniqueIdentifier>{93995380-89BD-4b04-88EB-625FBE52EBFB}</UniqueIdentifier>
      <Extensions>h;hh;hpp;hxx;hm;inl;inc;xsd</Extensions>
    </Filter>
    <Filter Include="Resource Files">
      <UniqueIdentifier>{67DA6AB6-F800-4c08-8B7A-83BB121AAD01}</UniqueIdentifier>
      <Extensions>rc;ico;cur;bmp;dlg;rc2;rct;bin;rgs;gif;jpg;jpeg;jpe;resx;tiff;tif;png;wav</Extensions>
    </Filter>
  </ItemGroup>
  <ItemGroup>
    <ClCompile Include="sources\main_body.cpp">
      <Filter>Source Files</Filter>
    </ClCompile>
    <ClCompile Include="sources\main_directed.cpp">
      <Filter>Source Files</Filter>
    </ClCompile>
    <ClCompile Include="sources\main_undirected.cpp">
      <Filter>Source Files</Filter>
    </ClCompile>
    <ClCompile Include="sources\infomap_dir\infomap_scr.cpp">
      <Filter>Source Files</Filter>
    </ClCompile>
    <ClCompile Include="sources\infomap_dir\Greedy.cc">
      <Filter>Source Files</Filter>
    </ClCompile>
    <ClCompile Include="sources\infomap_dir\GreedyBase.cc">
      <Filter>Source Files</Filter>
    </ClCompile>
    <ClCompile Include="sources\infomap_dir\infomap.cc">
      <Filter>Source Files</Filter>
    </ClCompile>
    <ClCompile Include="sources\infomap_dir\Node.cc">
      <Filter>Source Files</Filter>
    </ClCompile>
    <ClCompile Include="sources\infomap_dir\standard_package\cast.cpp">
      <Filter>Source Files</Filter>
    </ClCompile>
    <ClCompile Include="sources\infomap_dir\standard_package\combinatorics.cpp">
      <Filter>Source Files</Filter>
    </ClCompile>
    <ClCompile Include="sources\infomap_dir\standard_package\deque_numeric.cpp">
      <Filter>Source Files</Filter>
    </ClCompile>
    <ClCompile Include="sources\infomap_dir\standard_package\histograms.cpp">
      <Filter>Source Files</Filter>
    </ClCompile>
    <ClCompile Include="sources\infomap_dir\standard_package\mutual.cpp">
      <Filter>Source Files</Filter>
    </ClCompile>
    <ClCompile Include="sources\infomap_dir\standard_package\pajek.cpp">
      <Filter>Source Files</Filter>
    </ClCompile>
    <ClCompile Include="sources\infomap_dir\standard_package\partition.cpp">
      <Filter>Source Files</Filter>
    </ClCompile>
    <ClCompile Include="sources\infomap_dir\standard_package\print.cpp">
      <Filter>Source Files</Filter>
    </ClCompile>
    <ClCompile Include="sources\infomap_dir\standard_package\random.cpp">
      <Filter>Source Files</Filter>
    </ClCompile>
    <ClCompile Include="sources\infomap_dir\standard_package\standard_include.cpp">
      <Filter>Source Files</Filter>
    </ClCompile>
    <ClCompile Include="sources\infomap_dir\standard_package\tabdeg.cpp">
      <Filter>Source Files</Filter>
    </ClCompile>
    <ClCompile Include="sources\infomap_undir\infomap_scr.cpp">
      <Filter>Source Files</Filter>
    </ClCompile>
    <ClCompile Include="sources\infomap_undir\Greedy.cc">
      <Filter>Source Files</Filter>
    </ClCompile>
    <ClCompile Include="sources\infomap_undir\GreedyBase.cc">
      <Filter>Source Files</Filter>
    </ClCompile>
    <ClCompile Include="sources\infomap_undir\infomap.cc">
      <Filter>Source Files</Filter>
    </ClCompile>
    <ClCompile Include="sources\infomap_undir\Node.cc">
      <Filter>Source Files</Filter>
    </ClCompile>
    <ClCompile Include="sources\infomap_undir\standard_package\cast.cpp">
      <Filter>Source Files</Filter>
    </ClCompile>
    <ClCompile Include="sources\infomap_undir\standard_package\combinatorics.cpp">
      <Filter>Source Files</Filter>
    </ClCompile>
    <ClCompile Include="sources\infomap_undir\standard_package\deque_numeric.cpp">
      <Filter>Source Files</Filter>
    </ClCompile>
    <ClCompile Include="sources\infomap_undir\standard_package\histograms.cpp">
      <Filter>Source Files</Filter>
    </ClCompile>
    <ClCompile Include="sources\infomap_undir\standard_package\mutual.cpp">
      <Filter>Source Files</Filter>
    </ClCompile>
    <ClCompile Include="sources\infomap_undir\standard_package\pajek.cpp">
      <Filter>Source Files</Filter>
    </ClCompile>
    <ClCompile Include="sources\infomap_undir\standard_package\partition.cpp">
      <Filter>Source Files</Filter>
    </ClCompile>
    <ClCompile Include="sources\infomap_undir\standard_package\print.cpp">
      <Filter>Source Files</Filter>
    </ClCompile>
    <ClCompile Include="sources\infomap_undir\standard_package\random.cpp">
      <Filter>Source Files</Filter>
    </ClCompile>
    <ClCompile Include="sources\infomap_undir\standard_package\standard_include.cpp">
      <Filter>Source Files</Filter>
    </ClCompile>
    <ClCompile Include="sources\infomap_undir\standard_package\tabdeg.cpp">
      <Filter>Source Files</Filter>
    </ClCompile>
    <ClCompile Include="sources\louvain\community.cpp">
      <Filter>Source Files</Filter>
    </ClCompile>
    <ClCompile Include="sources\louvain\graph.cpp">
      <Filter>Source Files</Filter>
    </ClCompile>
    <ClCompile Include="sources\louvain\graph_binary.cpp">
      <Filter>Source Files</Filter>
    </ClCompile>
    <ClCompile Include="sources\louvain\main_community.cpp">
      <Filter>Source Files</Filter>
    </ClCompile>
    <ClCompile Include="sources\louvain\main_convert.cpp">
      <Filter>Source Files</Filter>
    </ClCompile>
    <ClCompile Include="sources\louvain\main_hierarchy.cpp">
      <Filter>Source Files</Filter>
    </ClCompile>
    <ClCompile Include="sources\louvain\order.cpp">
      <Filter>Source Files</Filter>
    </ClCompile>
    <ClCompile Include="sources\louvain\script_to_compile.cpp">
      <Filter>Source Files</Filter>
    </ClCompile>
    <ClCompile Include="sources\louvain\standard_package\cast.cpp">
      <Filter>Source Files</Filter>
    </ClCompile>
    <ClCompile Include="sources\louvain\standard_package\combinatorics.cpp">
      <Filter>Source Files</Filter>
    </ClCompile>
    <ClCompile Include="sources\louvain\standard_package\deque_numeric.cpp">
      <Filter>Source Files</Filter>
    </ClCompile>
    <ClCompile Include="sources\louvain\standard_package\histograms.cpp">
      <Filter>Source Files</Filter>
    </ClCompile>
    <ClCompile Include="sources\louvain\standard_package\mutual.cpp">
      <Filter>Source Files</Filter>
    </ClCompile>
    <ClCompile Include="sources\louvain\standard_package\pajek.cpp">
      <Filter>Source Files</Filter>
    </ClCompile>
    <ClCompile Include="sources\louvain\standard_package\partition.cpp">
      <Filter>Source Files</Filter>
    </ClCompile>
    <ClCompile Include="sources\louvain\standard_package\print.cpp">
      <Filter>Source Files</Filter>
    </ClCompile>
    <ClCompile Include="sources\louvain\standard_package\random.cpp">
      <Filter>Source Files</Filter>
    </ClCompile>
    <ClCompile Include="sources\louvain\standard_package\standard_include.cpp">
      <Filter>Source Files</Filter>
    </ClCompile>
    <ClCompile Include="sources\louvain\standard_package\tabdeg.cpp">
      <Filter>Source Files</Filter>
    </ClCompile>
    <ClCompile Include="sources\standard_package\cast.cpp">
      <Filter>Source Files</Filter>
    </ClCompile>
    <ClCompile Include="sources\standard_package\combinatorics.cpp">
      <Filter>Source Files</Filter>
    </ClCompile>
    <ClCompile Include="sources\standard_package\deque_numeric.cpp">
      <Filter>Source Files</Filter>
    </ClCompile>
    <ClCompile Include="sources\standard_package\histograms.cpp">
      <Filter>Source Files</Filter>
    </ClCompile>
    <ClCompile Include="sources\standard_package\mutual.cpp">
      <Filter>Source Files</Filter>
    </ClCompile>
    <ClCompile Include="sources\standard_package\pajek.cpp">
      <Filter>Source Files</Filter>
    </ClCompile>
    <ClCompile Include="sources\standard_package\partition.cpp">
      <Filter>Source Files</Filter>
    </ClCompile>
    <ClCompile Include="sources\standard_package\print.cpp">
      <Filter>Source Files</Filter>
    </ClCompile>
    <ClCompile Include="sources\standard_package\random.cpp">
      <Filter>Source Files</Filter>
    </ClCompile>
    <ClCompile Include="sources\standard_package\standard_include.cpp">
      <Filter>Source Files</Filter>
    </ClCompile>
    <ClCompile Include="sources\standard_package\tabdeg.cpp">
      <Filter>Source Files</Filter>
    </ClCompile>
    <ClCompile Include="sources\visualsources\main.cpp">
      <Filter>Source Files</Filter>
    </ClCompile>
    <ClCompile Include="sources\visualsources\main_pajek.cpp">
      <Filter>Source Files</Filter>
    </ClCompile>
    <ClCompile Include="sources\visualsources\main_pajek_directed.cpp">
      <Filter>Source Files</Filter>
    </ClCompile>
    <ClCompile Include="sources\visualsources\standard_package\cast.cpp">
      <Filter>Source Files</Filter>
    </ClCompile>
    <ClCompile Include="sources\visualsources\standard_package\combinatorics.cpp">
      <Filter>Source Files</Filter>
    </ClCompile>
    <ClCompile Include="sources\visualsources\standard_package\deque_numeric.cpp">
      <Filter>Source Files</Filter>
    </ClCompile>
    <ClCompile Include="sources\visualsources\standard_package\histograms.cpp">
      <Filter>Source Files</Filter>
    </ClCompile>
    <ClCompile Include="sources\visualsources\standard_package\mutual.cpp">
      <Filter>Source Files</Filter>
    </ClCompile>
    <ClCompile Include="sources\visualsources\standard_package\pajek.cpp">
      <Filter>Source Files</Filter>
    </ClCompile>
    <ClCompile Include="sources\visualsources\standard_package\partition.cpp">
      <Filter>Source Files</Filter>
    </ClCompile>
    <ClCompile Include="sources\visualsources\standard_package\print.cpp">
      <Filter>Source Files</Filter>
    </ClCompile>
    <ClCompile Include="sources\visualsources\standard_package\random.cpp">
      <Filter>Source Files</Filter>
    </ClCompile>
    <ClCompile Include="sources\visualsources\standard_package\standard_include.cpp">
      <Filter>Source Files</Filter>
    </ClCompile>
    <ClCompile Include="sources\visualsources\standard_package\tabdeg.cpp">
      <Filter>Source Files</Filter>
    </ClCompile>
  </ItemGroup>
  <ItemGroup>
    <ClInclude Include="sources\clomnet.h">
      <Filter>Header Files</Filter>
    </ClInclude>
    <ClInclude Include="sources\directed_network.h">
      <Filter>Header Files</Filter>
    </ClInclude>
    <ClInclude Include="sources\dir_clomnet_local.h">
      <Filter>Header Files</Filter>
    </ClInclude>
    <ClInclude Include="sources\dir_weighted_tabdeg.h">
      <Filter>Header Files</Filter>
    </ClInclude>
    <ClInclude Include="sources\hierarchies.h">
      <Filter>Header Files</Filter>
    </ClInclude>
    <ClInclude Include="sources\log_table.h">
      <Filter>Header Files</Filter>
    </ClInclude>
    <ClInclude Include="sources\members.h">
      <Filter>Header Files</Filter>
    </ClInclude>
    <ClInclude Include="sources\module_collection.h">
      <Filter>Header Files</Filter>
    </ClInclude>
    <ClInclude Include="sources\set_parameters.h">
      <Filter>Header Files</Filter>
    </ClInclude>
    <ClInclude Include="sources\tabdeg.h">
      <Filter>Header Files</Filter>
    </ClInclude>
    <ClInclude Include="sources\undirected_network.h">
      <Filter>Header Files</Filter>
    </ClInclude>
    <ClInclude Include="sources\undir_clomnet_local.h">
      <Filter>Header Files</Filter>
    </ClInclude>
    <ClInclude Include="sources\undir_weighted_tabdeg.h">
      <Filter>Header Files</Filter>
    </ClInclude>
    <ClInclude Include="sources\wsarray.h">
      <Filter>Header Files</Filter>
    </ClInclude>
    <ClInclude Include="sources\infomap_dir\Greedy.h">
      <Filter>Header Files</Filter>
    </ClInclude>
    <ClInclude Include="sources\infomap_dir\GreedyBase.h">
      <Filter>Header Files</Filter>
    </ClInclude>
    <ClInclude Include="sources\infomap_dir\infomap.h">
      <Filter>Header Files</Filter>
    </ClInclude>
    <ClInclude Include="sources\infomap_dir\MersenneTwister.h">
      <Filter>Header Files</Filter>
    </ClInclude>
    <ClInclude Include="sources\infomap_dir\Node.h">
      <Filter>Header Files</Filter>
    </ClInclude>
    <ClInclude Include="sources\infomap_undir\Greedy.h">
      <Filter>Header Files</Filter>
    </ClInclude>
    <ClInclude Include="sources\infomap_undir\GreedyBase.h">
      <Filter>Header Files</Filter>
    </ClInclude>
    <ClInclude Include="sources\infomap_undir\infomap.h">
      <Filter>Header Files</Filter>
    </ClInclude>
    <ClInclude Include="sources\infomap_undir\MersenneTwister.h">
      <Filter>Header Files</Filter>
    </ClInclude>
    <ClInclude Include="sources\infomap_undir\Node.h">
      <Filter>Header Files</Filter>
    </ClInclude>
    <ClInclude Include="sources\louvain\community.h">
      <Filter>Header Files</Filter>
    </ClInclude>
    <ClInclude Include="sources\louvain\graph.h">
      <Filter>Header Files</Filter>
    </ClInclude>
    <ClInclude Include="sources\louvain\graph_binary.h">
      <Filter>Header Files</Filter>
    </ClInclude>
    <ClInclude Include="sources\louvain\graph_binary_linux.h">
      <Filter>Header Files</Filter>
    </ClInclude>
    <ClInclude Include="sources\louvain\graph_binary_mac.h">
      <Filter>Header Files</Filter>
    </ClInclude>
    <ClInclude Include="sources\louvain\static_network.h">
      <Filter>Header Files</Filter>
    </ClInclude>
    <ClInclude Include="sources\louvain\wsarray.h">
      <Filter>Header Files</Filter>
    </ClInclude>
    <ClInclude Include="sources\visualsources\hier.h">
      <Filter>Header Files</Filter>
    </ClInclude>
    <ClInclude Include="sources\visualsources\netvi.h">
      <Filter>Header Files</Filter>
    </ClInclude>
    <ClInclude Include="sources\visualsources\position.h">
      <Filter>Header Files</Filter>
    </ClInclude>
    <ClInclude Include="sources\visualsources\static_network.h">
      <Filter>Header Files</Filter>
    </ClInclude>
    <ClInclude Include="sources\visualsources\visual_net.h">
      <Filter>Header Files</Filter>
    </ClInclude>
    <ClInclude Include="sources\visualsources\wsarray.h">
      <Filter>Header Files</Filter>
    </ClInclude>
  </ItemGroup>
</Project>